// !$*UTF8*$!
{
	archiveVersion = 1;
	classes = {
	};
	objectVersion = 46;
	objects = {

/* Begin PBXBuildFile section */
		DE1789891999D50700DCEDE4 /* APIController.swift in Sources */ = {isa = PBXBuildFile; fileRef = DE1789881999D50700DCEDE4 /* APIController.swift */; };
		DE3D6065196D0A6A00929054 /* AppDelegate.swift in Sources */ = {isa = PBXBuildFile; fileRef = DE3D6064196D0A6A00929054 /* AppDelegate.swift */; };
		DE3D6067196D0A6A00929054 /* SearchResultsViewController.swift in Sources */ = {isa = PBXBuildFile; fileRef = DE3D6066196D0A6A00929054 /* SearchResultsViewController.swift */; };
		DE3D606A196D0A6A00929054 /* Main.storyboard in Resources */ = {isa = PBXBuildFile; fileRef = DE3D6068196D0A6A00929054 /* Main.storyboard */; };
		DE3D606C196D0A6A00929054 /* Images.xcassets in Resources */ = {isa = PBXBuildFile; fileRef = DE3D606B196D0A6A00929054 /* Images.xcassets */; };
		DE3D6078196D0A6B00929054 /* Hello_WorldTests.swift in Sources */ = {isa = PBXBuildFile; fileRef = DE3D6077196D0A6B00929054 /* Hello_WorldTests.swift */; };
/* End PBXBuildFile section */

/* Begin PBXContainerItemProxy section */
		DE3D6072196D0A6A00929054 /* PBXContainerItemProxy */ = {
			isa = PBXContainerItemProxy;
			containerPortal = DE3D6057196D0A6A00929054 /* Project object */;
			proxyType = 1;
			remoteGlobalIDString = DE3D605E196D0A6A00929054;
			remoteInfo = "Hello World";
		};
/* End PBXContainerItemProxy section */

/* Begin PBXFileReference section */
		DE1789881999D50700DCEDE4 /* APIController.swift */ = {isa = PBXFileReference; fileEncoding = 4; lastKnownFileType = sourcecode.swift; path = APIController.swift; sourceTree = "<group>"; };
		DE3D605F196D0A6A00929054 /* Hello World.app */ = {isa = PBXFileReference; explicitFileType = wrapper.application; includeInIndex = 0; path = "Hello World.app"; sourceTree = BUILT_PRODUCTS_DIR; };
		DE3D6063196D0A6A00929054 /* Info.plist */ = {isa = PBXFileReference; lastKnownFileType = text.plist.xml; path = Info.plist; sourceTree = "<group>"; };
		DE3D6064196D0A6A00929054 /* AppDelegate.swift */ = {isa = PBXFileReference; lastKnownFileType = sourcecode.swift; path = AppDelegate.swift; sourceTree = "<group>"; };
		DE3D6066196D0A6A00929054 /* SearchResultsViewController.swift */ = {isa = PBXFileReference; lastKnownFileType = sourcecode.swift; path = SearchResultsViewController.swift; sourceTree = "<group>"; };
		DE3D6069196D0A6A00929054 /* Base */ = {isa = PBXFileReference; lastKnownFileType = file.storyboard; name = Base; path = Base.lproj/Main.storyboard; sourceTree = "<group>"; };
		DE3D606B196D0A6A00929054 /* Images.xcassets */ = {isa = PBXFileReference; lastKnownFileType = folder.assetcatalog; path = Images.xcassets; sourceTree = "<group>"; };
		DE3D6071196D0A6A00929054 /* Hello WorldTests.xctest */ = {isa = PBXFileReference; explicitFileType = wrapper.cfbundle; includeInIndex = 0; path = "Hello WorldTests.xctest"; sourceTree = BUILT_PRODUCTS_DIR; };
		DE3D6076196D0A6A00929054 /* Info.plist */ = {isa = PBXFileReference; lastKnownFileType = text.plist.xml; path = Info.plist; sourceTree = "<group>"; };
		DE3D6077196D0A6B00929054 /* Hello_WorldTests.swift */ = {isa = PBXFileReference; lastKnownFileType = sourcecode.swift; path = Hello_WorldTests.swift; sourceTree = "<group>"; };
/* End PBXFileReference section */

/* Begin PBXFrameworksBuildPhase section */
		DE3D605C196D0A6A00929054 /* Frameworks */ = {
			isa = PBXFrameworksBuildPhase;
			buildActionMask = 2147483647;
			files = (
			);
			runOnlyForDeploymentPostprocessing = 0;
		};
		DE3D606E196D0A6A00929054 /* Frameworks */ = {
			isa = PBXFrameworksBuildPhase;
			buildActionMask = 2147483647;
			files = (
			);
			runOnlyForDeploymentPostprocessing = 0;
		};
/* End PBXFrameworksBuildPhase section */

/* Begin PBXGroup section */
		DE3D6056196D0A6A00929054 = {
			isa = PBXGroup;
			children = (
				DE3D6061196D0A6A00929054 /* Hello World */,
				DE3D6074196D0A6A00929054 /* Hello WorldTests */,
				DE3D6060196D0A6A00929054 /* Products */,
			);
			sourceTree = "<group>";
		};
		DE3D6060196D0A6A00929054 /* Products */ = {
			isa = PBXGroup;
			children = (
				DE3D605F196D0A6A00929054 /* Hello World.app */,
				DE3D6071196D0A6A00929054 /* Hello WorldTests.xctest */,
			);
			name = Products;
			sourceTree = "<group>";
		};
		DE3D6061196D0A6A00929054 /* Hello World */ = {
			isa = PBXGroup;
			children = (
				DE1789881999D50700DCEDE4 /* APIController.swift */,
				DE3D6064196D0A6A00929054 /* AppDelegate.swift */,
				DE3D6066196D0A6A00929054 /* SearchResultsViewController.swift */,
				DE3D6068196D0A6A00929054 /* Main.storyboard */,
				DE3D606B196D0A6A00929054 /* Images.xcassets */,
				DE3D6062196D0A6A00929054 /* Supporting Files */,
			);
			path = "Hello World";
			sourceTree = "<group>";
		};
		DE3D6062196D0A6A00929054 /* Supporting Files */ = {
			isa = PBXGroup;
			children = (
				DE3D6063196D0A6A00929054 /* Info.plist */,
			);
			name = "Supporting Files";
			sourceTree = "<group>";
		};
		DE3D6074196D0A6A00929054 /* Hello WorldTests */ = {
			isa = PBXGroup;
			children = (
				DE3D6077196D0A6B00929054 /* Hello_WorldTests.swift */,
				DE3D6075196D0A6A00929054 /* Supporting Files */,
			);
			path = "Hello WorldTests";
			sourceTree = "<group>";
		};
		DE3D6075196D0A6A00929054 /* Supporting Files */ = {
			isa = PBXGroup;
			children = (
				DE3D6076196D0A6A00929054 /* Info.plist */,
			);
			name = "Supporting Files";
			sourceTree = "<group>";
		};
/* End PBXGroup section */

/* Begin PBXNativeTarget section */
		DE3D605E196D0A6A00929054 /* Hello World */ = {
			isa = PBXNativeTarget;
			buildConfigurationList = DE3D607B196D0A6B00929054 /* Build configuration list for PBXNativeTarget "Hello World" */;
			buildPhases = (
				DE3D605B196D0A6A00929054 /* Sources */,
				DE3D605C196D0A6A00929054 /* Frameworks */,
				DE3D605D196D0A6A00929054 /* Resources */,
			);
			buildRules = (
			);
			dependencies = (
			);
			name = "Hello World";
			productName = "Hello World";
			productReference = DE3D605F196D0A6A00929054 /* Hello World.app */;
			productType = "com.apple.product-type.application";
		};
		DE3D6070196D0A6A00929054 /* Hello WorldTests */ = {
			isa = PBXNativeTarget;
			buildConfigurationList = DE3D607E196D0A6B00929054 /* Build configuration list for PBXNativeTarget "Hello WorldTests" */;
			buildPhases = (
				DE3D606D196D0A6A00929054 /* Sources */,
				DE3D606E196D0A6A00929054 /* Frameworks */,
				DE3D606F196D0A6A00929054 /* Resources */,
			);
			buildRules = (
			);
			dependencies = (
				DE3D6073196D0A6A00929054 /* PBXTargetDependency */,
			);
			name = "Hello WorldTests";
			productName = "Hello WorldTests";
			productReference = DE3D6071196D0A6A00929054 /* Hello WorldTests.xctest */;
			productType = "com.apple.product-type.bundle.unit-test";
		};
/* End PBXNativeTarget section */

/* Begin PBXProject section */
		DE3D6057196D0A6A00929054 /* Project object */ = {
			isa = PBXProject;
			attributes = {
				LastUpgradeCheck = 0600;
				ORGANIZATIONNAME = "Tony Morales";
				TargetAttributes = {
					DE3D605E196D0A6A00929054 = {
						CreatedOnToolsVersion = 6.0;
					};
					DE3D6070196D0A6A00929054 = {
						CreatedOnToolsVersion = 6.0;
						TestTargetID = DE3D605E196D0A6A00929054;
					};
				};
			};
			buildConfigurationList = DE3D605A196D0A6A00929054 /* Build configuration list for PBXProject "Hello World" */;
			compatibilityVersion = "Xcode 3.2";
			developmentRegion = English;
			hasScannedForEncodings = 0;
			knownRegions = (
				en,
				Base,
			);
			mainGroup = DE3D6056196D0A6A00929054;
			productRefGroup = DE3D6060196D0A6A00929054 /* Products */;
			projectDirPath = "";
			projectRoot = "";
			targets = (
				DE3D605E196D0A6A00929054 /* Hello World */,
				DE3D6070196D0A6A00929054 /* Hello WorldTests */,
			);
		};
/* End PBXProject section */

/* Begin PBXResourcesBuildPhase section */
		DE3D605D196D0A6A00929054 /* Resources */ = {
			isa = PBXResourcesBuildPhase;
			buildActionMask = 2147483647;
			files = (
				DE3D606A196D0A6A00929054 /* Main.storyboard in Resources */,
				DE3D606C196D0A6A00929054 /* Images.xcassets in Resources */,
			);
			runOnlyForDeploymentPostprocessing = 0;
		};
		DE3D606F196D0A6A00929054 /* Resources */ = {
			isa = PBXResourcesBuildPhase;
			buildActionMask = 2147483647;
			files = (
			);
			runOnlyForDeploymentPostprocessing = 0;
		};
/* End PBXResourcesBuildPhase section */

/* Begin PBXSourcesBuildPhase section */
		DE3D605B196D0A6A00929054 /* Sources */ = {
			isa = PBXSourcesBuildPhase;
			buildActionMask = 2147483647;
			files = (
				DE3D6067196D0A6A00929054 /* SearchResultsViewController.swift in Sources */,
				DE3D6065196D0A6A00929054 /* AppDelegate.swift in Sources */,
				DE1789891999D50700DCEDE4 /* APIController.swift in Sources */,
			);
			runOnlyForDeploymentPostprocessing = 0;
		};
		DE3D606D196D0A6A00929054 /* Sources */ = {
			isa = PBXSourcesBuildPhase;
			buildActionMask = 2147483647;
			files = (
				DE3D6078196D0A6B00929054 /* Hello_WorldTests.swift in Sources */,
			);
			runOnlyForDeploymentPostprocessing = 0;
		};
/* End PBXSourcesBuildPhase section */

/* Begin PBXTargetDependency section */
		DE3D6073196D0A6A00929054 /* PBXTargetDependency */ = {
			isa = PBXTargetDependency;
			target = DE3D605E196D0A6A00929054 /* Hello World */;
			targetProxy = DE3D6072196D0A6A00929054 /* PBXContainerItemProxy */;
		};
/* End PBXTargetDependency section */

/* Begin PBXVariantGroup section */
		DE3D6068196D0A6A00929054 /* Main.storyboard */ = {
			isa = PBXVariantGroup;
			children = (
				DE3D6069196D0A6A00929054 /* Base */,
			);
			name = Main.storyboard;
			sourceTree = "<group>";
		};
/* End PBXVariantGroup section */

/* Begin XCBuildConfiguration section */
		DE3D6079196D0A6B00929054 /* Debug */ = {
			isa = XCBuildConfiguration;
			buildSettings = {
				ALWAYS_SEARCH_USER_PATHS = NO;
				CLANG_CXX_LANGUAGE_STANDARD = "gnu++0x";
				CLANG_CXX_LIBRARY = "libc++";
				CLANG_ENABLE_MODULES = YES;
				CLANG_ENABLE_OBJC_ARC = YES;
				CLANG_WARN_BOOL_CONVERSION = YES;
				CLANG_WARN_CONSTANT_CONVERSION = YES;
				CLANG_WARN_DIRECT_OBJC_ISA_USAGE = YES_ERROR;
				CLANG_WARN_EMPTY_BODY = YES;
				CLANG_WARN_ENUM_CONVERSION = YES;
				CLANG_WARN_INT_CONVERSION = YES;
				CLANG_WARN_OBJC_ROOT_CLASS = YES_ERROR;
				CLANG_WARN_UNREACHABLE_CODE = YES;
				CLANG_WARN__DUPLICATE_METHOD_MATCH = YES;
				"CODE_SIGN_IDENTITY[sdk=iphoneos*]" = "iPhone Developer";
				COPY_PHASE_STRIP = NO;
				ENABLE_STRICT_OBJC_MSGSEND = YES;
				GCC_C_LANGUAGE_STANDARD = gnu99;
				GCC_DYNAMIC_NO_PIC = NO;
				GCC_OPTIMIZATION_LEVEL = 0;
				GCC_PREPROCESSOR_DEFINITIONS = (
					"DEBUG=1",
					"$(inherited)",
				);
				GCC_SYMBOLS_PRIVATE_EXTERN = NO;
				GCC_WARN_64_TO_32_BIT_CONVERSION = YES;
				GCC_WARN_ABOUT_RETURN_TYPE = YES_ERROR;
				GCC_WARN_UNDECLARED_SELECTOR = YES;
				GCC_WARN_UNINITIALIZED_AUTOS = YES_AGGRESSIVE;
				GCC_WARN_UNUSED_FUNCTION = YES;
				GCC_WARN_UNUSED_VARIABLE = YES;
				IPHONEOS_DEPLOYMENT_TARGET = 8.0;
				METAL_ENABLE_DEBUG_INFO = YES;
				ONLY_ACTIVE_ARCH = YES;
				SDKROOT = iphoneos;
				SWIFT_OPTIMIZATION_LEVEL = "-Onone";
			};
			name = Debug;
		};
		DE3D607A196D0A6B00929054 /* Release */ = {
			isa = XCBuildConfiguration;
			buildSettings = {
				ALWAYS_SEARCH_USER_PATHS = NO;
				CLANG_CXX_LANGUAGE_STANDARD = "gnu++0x";
				CLANG_CXX_LIBRARY = "libc++";
				CLANG_ENABLE_MODULES = YES;
				CLANG_ENABLE_OBJC_ARC = YES;
				CLANG_WARN_BOOL_CONVERSION = YES;
				CLANG_WARN_CONSTANT_CONVERSION = YES;
				CLANG_WARN_DIRECT_OBJC_ISA_USAGE = YES_ERROR;
				CLANG_WARN_EMPTY_BODY = YES;
				CLANG_WARN_ENUM_CONVERSION = YES;
				CLANG_WARN_INT_CONVERSION = YES;
				CLANG_WARN_OBJC_ROOT_CLASS = YES_ERROR;
				CLANG_WARN_UNREACHABLE_CODE = YES;
				CLANG_WARN__DUPLICATE_METHOD_MATCH = YES;
				"CODE_SIGN_IDENTITY[sdk=iphoneos*]" = "iPhone Developer";
				COPY_PHASE_STRIP = YES;
				ENABLE_NS_ASSERTIONS = NO;
				ENABLE_STRICT_OBJC_MSGSEND = YES;
				GCC_C_LANGUAGE_STANDARD = gnu99;
				GCC_WARN_64_TO_32_BIT_CONVERSION = YES;
				GCC_WARN_ABOUT_RETURN_TYPE = YES_ERROR;
				GCC_WARN_UNDECLARED_SELECTOR = YES;
				GCC_WARN_UNINITIALIZED_AUTOS = YES_AGGRESSIVE;
				GCC_WARN_UNUSED_FUNCTION = YES;
				GCC_WARN_UNUSED_VARIABLE = YES;
				IPHONEOS_DEPLOYMENT_TARGET = 8.0;
				METAL_ENABLE_DEBUG_INFO = NO;
				SDKROOT = iphoneos;
				VALIDATE_PRODUCT = YES;
			};
			name = Release;
		};
		DE3D607C196D0A6B00929054 /* Debug */ = {
			isa = XCBuildConfiguration;
			buildSettings = {
				ASSETCATALOG_COMPILER_APPICON_NAME = AppIcon;
				ASSETCATALOG_COMPILER_LAUNCHIMAGE_NAME = LaunchImage;
				INFOPLIST_FILE = "Hello World/Info.plist";
				LD_RUNPATH_SEARCH_PATHS = "$(inherited) @executable_path/Frameworks";
				PRODUCT_NAME = "$(TARGET_NAME)";
			};
			name = Debug;
		};
		DE3D607D196D0A6B00929054 /* Release */ = {
			isa = XCBuildConfiguration;
			buildSettings = {
				ASSETCATALOG_COMPILER_APPICON_NAME = AppIcon;
				ASSETCATALOG_COMPILER_LAUNCHIMAGE_NAME = LaunchImage;
				INFOPLIST_FILE = "Hello World/Info.plist";
				LD_RUNPATH_SEARCH_PATHS = "$(inherited) @executable_path/Frameworks";
				PRODUCT_NAME = "$(TARGET_NAME)";
			};
			name = Release;
		};
		DE3D607F196D0A6B00929054 /* Debug */ = {
			isa = XCBuildConfiguration;
			buildSettings = {
				BUNDLE_LOADER = "$(BUILT_PRODUCTS_DIR)/Hello World.app/Hello World";
				FRAMEWORK_SEARCH_PATHS = (
					"$(SDKROOT)/Developer/Library/Frameworks",
					"$(inherited)",
				);
				GCC_PREPROCESSOR_DEFINITIONS = (
					"DEBUG=1",
					"$(inherited)",
				);
				INFOPLIST_FILE = "Hello WorldTests/Info.plist";
				LD_RUNPATH_SEARCH_PATHS = "$(inherited) @executable_path/Frameworks @loader_path/Frameworks";
				METAL_ENABLE_DEBUG_INFO = YES;
				PRODUCT_NAME = "$(TARGET_NAME)";
				TEST_HOST = "$(BUNDLE_LOADER)";
			};
			name = Debug;
		};
		DE3D6080196D0A6B00929054 /* Release */ = {
			isa = XCBuildConfiguration;
			buildSettings = {
				BUNDLE_LOADER = "$(BUILT_PRODUCTS_DIR)/Hello World.app/Hello World";
				FRAMEWORK_SEARCH_PATHS = (
					"$(SDKROOT)/Developer/Library/Frameworks",
					"$(inherited)",
				);
				INFOPLIST_FILE = "Hello WorldTests/Info.plist";
				LD_RUNPATH_SEARCH_PATHS = "$(inherited) @executable_path/Frameworks @loader_path/Frameworks";
				METAL_ENABLE_DEBUG_INFO = NO;
				PRODUCT_NAME = "$(TARGET_NAME)";
				TEST_HOST = "$(BUNDLE_LOADER)";
			};
			name = Release;
		};
/* End XCBuildConfiguration section */

/* Begin XCConfigurationList section */
		DE3D605A196D0A6A00929054 /* Build configuration list for PBXProject "Hello World" */ = {
			isa = XCConfigurationList;
			buildConfigurations = (
				DE3D6079196D0A6B00929054 /* Debug */,
				DE3D607A196D0A6B00929054 /* Release */,
			);
			defaultConfigurationIsVisible = 0;
			defaultConfigurationName = Release;
		};
		DE3D607B196D0A6B00929054 /* Build configuration list for PBXNativeTarget "Hello World" */ = {
			isa = XCConfigurationList;
			buildConfigurations = (
				DE3D607C196D0A6B00929054 /* Debug */,
				DE3D607D196D0A6B00929054 /* Release */,
			);
			defaultConfigurationIsVisible = 0;
			defaultConfigurationName = Release;
		};
		DE3D607E196D0A6B00929054 /* Build configuration list for PBXNativeTarget "Hello WorldTests" */ = {
			isa = XCConfigurationList;
			buildConfigurations = (
				DE3D607F196D0A6B00929054 /* Debug */,
				DE3D6080196D0A6B00929054 /* Release */,
			);
			defaultConfigurationIsVisible = 0;
			defaultConfigurationName = Release;
		};
/* End XCConfigurationList section */
	};
	rootObject = DE3D6057196D0A6A00929054 /* Project object */;
}
